{
  "name": "openclaw-claude-proxy",
  "version": "3.4.0",
  "lockfileVersion": 3,
  "requires": true,
  "packages": {
    "": {
      "name": "openclaw-claude-proxy",
      "version": "3.4.0",
      "license": "MIT",
      "bin": {
        "ocp": "ocp",
        "openclaw-claude-proxy": "server.mjs"
      },
      "engines": {
        "node": ">=18"
      }
    }
  }
}
